
Microsoft Visual Studio Solution File, Format Version 12.00
# Visual Studio Version 17
VisualStudioVersion = 17.6.33829.357
MinimumVisualStudioVersion = 10.0.40219.1
Project("{FAE04EC0-301F-11D3-BF4B-00C04F79EFBC}") = "WpfAppEmp", "WpfAppEmp\WpfAppEmp.csproj", "{630B55C9-D71F-4825-BC5D-7194EFE6F3A7}"
EndProject
Project("{FAE04EC0-301F-11D3-BF4B-00C04F79EFBC}") = "WpfAppEmpTest", "WpfAppEmpTest\WpfAppEmpTest.csproj", "{A712F853-599B-47CA-8FC2-57ABC7B04FE0}"
EndProject
Global
	GlobalSection(SolutionConfigurationPlatforms) = preSolution
		Debug|Any CPU = Debug|Any CPU
		Release|Any CPU = Release|Any CPU
	EndGlobalSection
	GlobalSection(ProjectConfigurationPlatforms) = postSolution
		{630B55C9-D71F-4825-BC5D-7194EFE6F3A7}.Debug|Any CPU.ActiveCfg = Debug|Any CPU
		{630B55C9-D71F-4825-BC5D-7194EFE6F3A7}.Debug|Any CPU.Build.0 = Debug|Any CPU
		{630B55C9-D71F-4825-BC5D-7194EFE6F3A7}.Release|Any CPU.ActiveCfg = Release|Any CPU
		{630B55C9-D71F-4825-BC5D-7194EFE6F3A7}.Release|Any CPU.Build.0 = Release|Any CPU
		{A712F853-599B-47CA-8FC2-57ABC7B04FE0}.Debug|Any CPU.ActiveCfg = Debug|Any CPU
		{A712F853-599B-47CA-8FC2-57ABC7B04FE0}.Debug|Any CPU.Build.0 = Debug|Any CPU
		{A712F853-599B-47CA-8FC2-57ABC7B04FE0}.Release|Any CPU.ActiveCfg = Release|Any CPU
		{A712F853-599B-47CA-8FC2-57ABC7B04FE0}.Release|Any CPU.Build.0 = Release|Any CPU
	EndGlobalSection
	GlobalSection(SolutionProperties) = preSolution
		HideSolutionNode = FALSE
	EndGlobalSection
	GlobalSection(ExtensibilityGlobals) = postSolution
		SolutionGuid = {63FAA899-2192-494D-9A8E-A606101EB4BF}
	EndGlobalSection
EndGlobal
